
Microsoft Visual Studio Solution File, Format Version 12.00
Project("{FAE04EC0-301F-11D3-BF4B-00C04F79EFBC}") = "Onebot.Protocol", "Onebot.Protocol\Onebot.Protocol.csproj", "{B060997C-717E-4820-A4EC-0A8C6D497628}"
EndProject
Project("{FAE04EC0-301F-11D3-BF4B-00C04F79EFBC}") = "Onebot.Client", "Onebot.Client\Onebot.Client.csproj", "{C449B34B-A6DD-4104-9BFB-5E990E436C53}"
EndProject
Global
	GlobalSection(SolutionConfigurationPlatforms) = preSolution
		Debug|Any CPU = Debug|Any CPU
		Release|Any CPU = Release|Any CPU
	EndGlobalSection
	GlobalSection(ProjectConfigurationPlatforms) = postSolution
		{B060997C-717E-4820-A4EC-0A8C6D497628}.Debug|Any CPU.ActiveCfg = Debug|Any CPU
		{B060997C-717E-4820-A4EC-0A8C6D497628}.Debug|Any CPU.Build.0 = Debug|Any CPU
		{B060997C-717E-4820-A4EC-0A8C6D497628}.Release|Any CPU.ActiveCfg = Release|Any CPU
		{B060997C-717E-4820-A4EC-0A8C6D497628}.Release|Any CPU.Build.0 = Release|Any CPU
		{C449B34B-A6DD-4104-9BFB-5E990E436C53}.Debug|Any CPU.ActiveCfg = Debug|Any CPU
		{C449B34B-A6DD-4104-9BFB-5E990E436C53}.Debug|Any CPU.Build.0 = Debug|Any CPU
		{C449B34B-A6DD-4104-9BFB-5E990E436C53}.Release|Any CPU.ActiveCfg = Release|Any CPU
		{C449B34B-A6DD-4104-9BFB-5E990E436C53}.Release|Any CPU.Build.0 = Release|Any CPU
	EndGlobalSection
EndGlobal
